
Microsoft Visual Studio Solution File, Format Version 12.00
# Visual Studio Version 16
VisualStudioVersion = 16.0.29728.190
MinimumVisualStudioVersion = 10.0.40219.1
Project("{9A19103F-16F7-4668-BE54-9A1E7A4F7556}") = "Userbase.Client", "src\Userbase.Client\Userbase.Client.csproj", "{52CC1C4B-4E39-4BF5-970C-F3F2EB0B1E84}"
EndProject
Project("{9A19103F-16F7-4668-BE54-9A1E7A4F7556}") = "Userbase.Client.IntegrationTests", "test\Userbase.Client.IntegrationTests\Userbase.Client.IntegrationTests.csproj", "{018D6D3D-641B-4076-8BFD-E8A2C21BD9D4}"
EndProject
Project("{2150E333-8FDC-42A3-9474-1A3956D46DE8}") = "Solution Items", "Solution Items", "{19386A8D-9E54-4BC8-8151-BDBCE1E4CFF5}"
ProjectSection(SolutionItems) = preProject
	README.md = README.md
	.gitignore = .gitignore
EndProjectSection
EndProject
Project("{9A19103F-16F7-4668-BE54-9A1E7A4F7556}") = "CryptSharp", "src\CryptSharp\CryptSharp.csproj", "{7D9E0578-2611-4617-A3CE-9817276B69BA}"
EndProject
Project("{9A19103F-16F7-4668-BE54-9A1E7A4F7556}") = "Userbase.Client.UnitTests", "test\Userbase.Client.UnitTests\Userbase.Client.UnitTests.csproj", "{386942CC-0F73-46DC-AF2A-86972F10D794}"
EndProject
Project("{FAE04EC0-301F-11D3-BF4B-00C04F79EFBC}") = "Userbase.BlazorWeb", "sample\Userbase.BlazorWeb\Userbase.BlazorWeb.csproj", "{3872FB51-D3AD-47A8-B0EB-87176D035303}"
EndProject
Project("{2150E333-8FDC-42A3-9474-1A3956D46DE8}") = "test", "test", "{5E54C531-D79F-49EC-A148-79D814986386}"
EndProject
Project("{2150E333-8FDC-42A3-9474-1A3956D46DE8}") = "src", "src", "{C7E287A9-7D83-43D1-B38C-02EA5921C65A}"
EndProject
Project("{2150E333-8FDC-42A3-9474-1A3956D46DE8}") = "sample", "sample", "{B7266981-1417-403F-B97C-E31B8D3C9E63}"
EndProject
Global
	GlobalSection(SolutionConfigurationPlatforms) = preSolution
		Debug|Any CPU = Debug|Any CPU
		Release|Any CPU = Release|Any CPU
	EndGlobalSection
	GlobalSection(ProjectConfigurationPlatforms) = postSolution
		{52CC1C4B-4E39-4BF5-970C-F3F2EB0B1E84}.Debug|Any CPU.ActiveCfg = Debug|Any CPU
		{52CC1C4B-4E39-4BF5-970C-F3F2EB0B1E84}.Debug|Any CPU.Build.0 = Debug|Any CPU
		{52CC1C4B-4E39-4BF5-970C-F3F2EB0B1E84}.Release|Any CPU.ActiveCfg = Release|Any CPU
		{52CC1C4B-4E39-4BF5-970C-F3F2EB0B1E84}.Release|Any CPU.Build.0 = Release|Any CPU
		{018D6D3D-641B-4076-8BFD-E8A2C21BD9D4}.Debug|Any CPU.ActiveCfg = Debug|Any CPU
		{018D6D3D-641B-4076-8BFD-E8A2C21BD9D4}.Debug|Any CPU.Build.0 = Debug|Any CPU
		{018D6D3D-641B-4076-8BFD-E8A2C21BD9D4}.Release|Any CPU.ActiveCfg = Release|Any CPU
		{018D6D3D-641B-4076-8BFD-E8A2C21BD9D4}.Release|Any CPU.Build.0 = Release|Any CPU
		{7D9E0578-2611-4617-A3CE-9817276B69BA}.Debug|Any CPU.ActiveCfg = Debug|Any CPU
		{7D9E0578-2611-4617-A3CE-9817276B69BA}.Debug|Any CPU.Build.0 = Debug|Any CPU
		{7D9E0578-2611-4617-A3CE-9817276B69BA}.Release|Any CPU.ActiveCfg = Release|Any CPU
		{7D9E0578-2611-4617-A3CE-9817276B69BA}.Release|Any CPU.Build.0 = Release|Any CPU
		{386942CC-0F73-46DC-AF2A-86972F10D794}.Debug|Any CPU.ActiveCfg = Debug|Any CPU
		{386942CC-0F73-46DC-AF2A-86972F10D794}.Debug|Any CPU.Build.0 = Debug|Any CPU
		{386942CC-0F73-46DC-AF2A-86972F10D794}.Release|Any CPU.ActiveCfg = Release|Any CPU
		{386942CC-0F73-46DC-AF2A-86972F10D794}.Release|Any CPU.Build.0 = Release|Any CPU
		{3872FB51-D3AD-47A8-B0EB-87176D035303}.Debug|Any CPU.ActiveCfg = Debug|Any CPU
		{3872FB51-D3AD-47A8-B0EB-87176D035303}.Debug|Any CPU.Build.0 = Debug|Any CPU
		{3872FB51-D3AD-47A8-B0EB-87176D035303}.Release|Any CPU.ActiveCfg = Release|Any CPU
		{3872FB51-D3AD-47A8-B0EB-87176D035303}.Release|Any CPU.Build.0 = Release|Any CPU
	EndGlobalSection
	GlobalSection(SolutionProperties) = preSolution
		HideSolutionNode = FALSE
	EndGlobalSection
	GlobalSection(ExtensibilityGlobals) = postSolution
		SolutionGuid = {A4BEE216-C573-4ED2-9AFE-15454D6EEF19}
	EndGlobalSection
	GlobalSection(NestedProjects) = preSolution
		{018D6D3D-641B-4076-8BFD-E8A2C21BD9D4} = {5E54C531-D79F-49EC-A148-79D814986386}
		{386942CC-0F73-46DC-AF2A-86972F10D794} = {5E54C531-D79F-49EC-A148-79D814986386}
		{52CC1C4B-4E39-4BF5-970C-F3F2EB0B1E84} = {C7E287A9-7D83-43D1-B38C-02EA5921C65A}
		{7D9E0578-2611-4617-A3CE-9817276B69BA} = {C7E287A9-7D83-43D1-B38C-02EA5921C65A}
		{3872FB51-D3AD-47A8-B0EB-87176D035303} = {B7266981-1417-403F-B97C-E31B8D3C9E63}
	EndGlobalSection
EndGlobal
