
Microsoft Visual Studio Solution File, Format Version 12.00
# Visual Studio Version 16
VisualStudioVersion = 16.0.29728.190
MinimumVisualStudioVersion = 10.0.40219.1
Project("{9A19103F-16F7-4668-BE54-9A1E7A4F7556}") = "Userbase.Client", "Userbase.Client\Userbase.Client.csproj", "{52CC1C4B-4E39-4BF5-970C-F3F2EB0B1E84}"
EndProject
Project("{9A19103F-16F7-4668-BE54-9A1E7A4F7556}") = "Userbase.Client.IntegrationTests", "Userbase.Client.IntegrationTests\Userbase.Client.IntegrationTests.csproj", "{018D6D3D-641B-4076-8BFD-E8A2C21BD9D4}"
EndProject
Project("{2150E333-8FDC-42A3-9474-1A3956D46DE8}") = "Solution Items", "Solution Items", "{19386A8D-9E54-4BC8-8151-BDBCE1E4CFF5}"
	ProjectSection(SolutionItems) = preProject
		..\README.md = ..\README.md
	EndProjectSection
EndProject
Project("{9A19103F-16F7-4668-BE54-9A1E7A4F7556}") = "CryptSharp", "CryptSharp\CryptSharp.csproj", "{7D9E0578-2611-4617-A3CE-9817276B69BA}"
EndProject
Global
	GlobalSection(SolutionConfigurationPlatforms) = preSolution
		Debug|Any CPU = Debug|Any CPU
		Release|Any CPU = Release|Any CPU
	EndGlobalSection
	GlobalSection(ProjectConfigurationPlatforms) = postSolution
		{52CC1C4B-4E39-4BF5-970C-F3F2EB0B1E84}.Debug|Any CPU.ActiveCfg = Debug|Any CPU
		{52CC1C4B-4E39-4BF5-970C-F3F2EB0B1E84}.Debug|Any CPU.Build.0 = Debug|Any CPU
		{52CC1C4B-4E39-4BF5-970C-F3F2EB0B1E84}.Release|Any CPU.ActiveCfg = Release|Any CPU
		{52CC1C4B-4E39-4BF5-970C-F3F2EB0B1E84}.Release|Any CPU.Build.0 = Release|Any CPU
		{018D6D3D-641B-4076-8BFD-E8A2C21BD9D4}.Debug|Any CPU.ActiveCfg = Debug|Any CPU
		{018D6D3D-641B-4076-8BFD-E8A2C21BD9D4}.Debug|Any CPU.Build.0 = Debug|Any CPU
		{018D6D3D-641B-4076-8BFD-E8A2C21BD9D4}.Release|Any CPU.ActiveCfg = Release|Any CPU
		{018D6D3D-641B-4076-8BFD-E8A2C21BD9D4}.Release|Any CPU.Build.0 = Release|Any CPU
		{7D9E0578-2611-4617-A3CE-9817276B69BA}.Debug|Any CPU.ActiveCfg = Debug|Any CPU
		{7D9E0578-2611-4617-A3CE-9817276B69BA}.Debug|Any CPU.Build.0 = Debug|Any CPU
		{7D9E0578-2611-4617-A3CE-9817276B69BA}.Release|Any CPU.ActiveCfg = Release|Any CPU
		{7D9E0578-2611-4617-A3CE-9817276B69BA}.Release|Any CPU.Build.0 = Release|Any CPU
	EndGlobalSection
	GlobalSection(SolutionProperties) = preSolution
		HideSolutionNode = FALSE
	EndGlobalSection
	GlobalSection(ExtensibilityGlobals) = postSolution
		SolutionGuid = {A4BEE216-C573-4ED2-9AFE-15454D6EEF19}
	EndGlobalSection
EndGlobal
